
Microsoft Visual Studio Solution File, Format Version 12.00
# Visual Studio 2010
Project("{8BC9CEB8-8B4A-11D0-8D11-00A0C91BC942}") = "test_ast", "test_ast\test_ast.vcxproj", "{75B0FA01-6E2A-4C4A-8BB3-231C018DBA2C}"
EndProject
Global
	GlobalSection(SolutionConfigurationPlatforms) = preSolution
		Debug|Win32 = Debug|Win32
		Release|Win32 = Release|Win32
	EndGlobalSection
	GlobalSection(ProjectConfigurationPlatforms) = postSolution
		{75B0FA01-6E2A-4C4A-8BB3-231C018DBA2C}.Debug|Win32.ActiveCfg = Debug|Win32
		{75B0FA01-6E2A-4C4A-8BB3-231C018DBA2C}.Debug|Win32.Build.0 = Debug|Win32
		{75B0FA01-6E2A-4C4A-8BB3-231C018DBA2C}.Debug|Win32.Deploy.0 = Debug|Win32
		{75B0FA01-6E2A-4C4A-8BB3-231C018DBA2C}.Release|Win32.ActiveCfg = Release|Win32
		{75B0FA01-6E2A-4C4A-8BB3-231C018DBA2C}.Release|Win32.Build.0 = Release|Win32
		{75B0FA01-6E2A-4C4A-8BB3-231C018DBA2C}.Release|Win32.Deploy.0 = Release|Win32
	EndGlobalSection
	GlobalSection(SolutionProperties) = preSolution
		HideSolutionNode = FALSE
	EndGlobalSection
EndGlobal
